
Microsoft Visual Studio Solution File, Format Version 12.00
# Visual Studio Version 17
VisualStudioVersion = 17.3.32819.101
MinimumVisualStudioVersion = 10.0.40219.1
Project("{FAE04EC0-301F-11D3-BF4B-00C04F79EFBC}") = "BE-LosQuebrachosApp", "BE-LosQuebrachosApp\BE-LosQuebrachosApp.csproj", "{98A5FEEC-4A1F-4C4F-90CA-CB5977BF9E4F}"
EndProject
Global
	GlobalSection(SolutionConfigurationPlatforms) = preSolution
		Debug|Any CPU = Debug|Any CPU
		Release|Any CPU = Release|Any CPU
	EndGlobalSection
	GlobalSection(ProjectConfigurationPlatforms) = postSolution
		{98A5FEEC-4A1F-4C4F-90CA-CB5977BF9E4F}.Debug|Any CPU.ActiveCfg = Debug|Any CPU
		{98A5FEEC-4A1F-4C4F-90CA-CB5977BF9E4F}.Debug|Any CPU.Build.0 = Debug|Any CPU
		{98A5FEEC-4A1F-4C4F-90CA-CB5977BF9E4F}.Release|Any CPU.ActiveCfg = Release|Any CPU
		{98A5FEEC-4A1F-4C4F-90CA-CB5977BF9E4F}.Release|Any CPU.Build.0 = Release|Any CPU
	EndGlobalSection
	GlobalSection(SolutionProperties) = preSolution
		HideSolutionNode = FALSE
	EndGlobalSection
	GlobalSection(ExtensibilityGlobals) = postSolution
		SolutionGuid = {0AB6BC81-E4AD-437D-B715-2E71F15AD439}
	EndGlobalSection
EndGlobal
